
Microsoft Visual Studio Solution File, Format Version 12.00
# Visual Studio 2013
VisualStudioVersion = 12.0.31101.0
MinimumVisualStudioVersion = 10.0.40219.1
Project("{FAE04EC0-301F-11D3-BF4B-00C04F79EFBC}") = "01.Numbers from 1 to N", "01.Numbers from 1 to N\01.Numbers from 1 to N.csproj", "{C3007636-46DD-434C-9331-CA3BF5723542}"
EndProject
Project("{FAE04EC0-301F-11D3-BF4B-00C04F79EFBC}") = "02.Numbers Not Divisible by 3 and 7", "02.Numbers Not Divisible by 3 and 7\02.Numbers Not Divisible by 3 and 7.csproj", "{2E4DD5B0-6852-4051-9A2D-29176D87748A}"
EndProject
Project("{FAE04EC0-301F-11D3-BF4B-00C04F79EFBC}") = "03.Min, Max, Sum and Average of N Numbers", "03.Min, Max, Sum and Average of N Numbers\03.Min, Max, Sum and Average of N Numbers.csproj", "{82CA0D5F-D0E6-4C76-8808-F063159E3800}"
EndProject
Project("{FAE04EC0-301F-11D3-BF4B-00C04F79EFBC}") = "04.Print a Deck of 52 Cards", "04.Print a Deck of 52 Cards\04.Print a Deck of 52 Cards.csproj", "{076CA140-4F4A-48AB-8FC4-EB0829DEE5A3}"
EndProject
Project("{FAE04EC0-301F-11D3-BF4B-00C04F79EFBC}") = "05.Calculate 1+1!devidedX+2!devidedX2+…+N!devidedXN", "05.Calculate 1+1!devidedX+2!devidedX2+…+N!devidedXN\05.Calculate 1+1!devidedX+2!devidedX2+…+N!devidedXN.csproj", "{4FD8DE3E-ECB7-4C33-8EA5-51F5F6C7C63F}"
EndProject
Project("{FAE04EC0-301F-11D3-BF4B-00C04F79EFBC}") = "06.Calculate N Factoriel Divided K Factoriel", "06.Calculate N Factoriel Divided K Factoriel\06.Calculate N Factoriel Divided K Factoriel.csproj", "{4A0082CD-589B-406C-8580-2C514B786027}"
EndProject
Project("{FAE04EC0-301F-11D3-BF4B-00C04F79EFBC}") = "07.Calculate N!devided", "07.Calculate N!devided\07.Calculate N!devided.csproj", "{E39AD710-3FC9-4FCC-94B1-D38CB5D58E12}"
EndProject
Project("{FAE04EC0-301F-11D3-BF4B-00C04F79EFBC}") = "08.Catalan Numbers", "08.Catalan Numbers\08.Catalan Numbers.csproj", "{6C8258FD-7D25-468F-A520-C25F805273F4}"
EndProject
Project("{FAE04EC0-301F-11D3-BF4B-00C04F79EFBC}") = "09.Matrix of Numbers", "09.Matrix of Numbers\09.Matrix of Numbers.csproj", "{1D4540EB-D496-40CB-A8A5-824D9AEBC26B}"
EndProject
Project("{FAE04EC0-301F-11D3-BF4B-00C04F79EFBC}") = "10.Odd and Even Product", "10.Odd and Even Product\10.Odd and Even Product.csproj", "{D35F5585-BBE0-4DA3-A01F-09EDEF5BF0E6}"
EndProject
Project("{FAE04EC0-301F-11D3-BF4B-00C04F79EFBC}") = "11.Random Numbers in Given Range", "11.Random Numbers in Given Range\11.Random Numbers in Given Range.csproj", "{8721DB1C-EFBF-4837-B9BE-0B55CC2B893E}"
EndProject
Project("{FAE04EC0-301F-11D3-BF4B-00C04F79EFBC}") = "13.Binary to Decimal Number", "13.Binary to Decimal Number\13.Binary to Decimal Number.csproj", "{58A46039-F16E-4196-A476-977E3DBE94C6}"
EndProject
Project("{FAE04EC0-301F-11D3-BF4B-00C04F79EFBC}") = "14.Decimal to Binary Number", "14.Decimal to Binary Number\14.Decimal to Binary Number.csproj", "{9AAA8B9F-0964-424B-8DF1-72AA022FA30F}"
EndProject
Project("{FAE04EC0-301F-11D3-BF4B-00C04F79EFBC}") = "15.Hexadecimal to Decimal Number", "15.Hexadecimal to Decimal Number\15.Hexadecimal to Decimal Number.csproj", "{0FE44319-5831-4976-A957-2C7A3F4B3457}"
EndProject
Project("{FAE04EC0-301F-11D3-BF4B-00C04F79EFBC}") = "16.Decimal to Hexadecimal Number", "16.Decimal to Hexadecimal Number\16.Decimal to Hexadecimal Number.csproj", "{DEF063E1-434F-4149-BF82-91B7493C5C89}"
EndProject
Global
	GlobalSection(SolutionConfigurationPlatforms) = preSolution
		Debug|Any CPU = Debug|Any CPU
		Release|Any CPU = Release|Any CPU
	EndGlobalSection
	GlobalSection(ProjectConfigurationPlatforms) = postSolution
		{C3007636-46DD-434C-9331-CA3BF5723542}.Debug|Any CPU.ActiveCfg = Debug|Any CPU
		{C3007636-46DD-434C-9331-CA3BF5723542}.Debug|Any CPU.Build.0 = Debug|Any CPU
		{C3007636-46DD-434C-9331-CA3BF5723542}.Release|Any CPU.ActiveCfg = Release|Any CPU
		{C3007636-46DD-434C-9331-CA3BF5723542}.Release|Any CPU.Build.0 = Release|Any CPU
		{2E4DD5B0-6852-4051-9A2D-29176D87748A}.Debug|Any CPU.ActiveCfg = Debug|Any CPU
		{2E4DD5B0-6852-4051-9A2D-29176D87748A}.Debug|Any CPU.Build.0 = Debug|Any CPU
		{2E4DD5B0-6852-4051-9A2D-29176D87748A}.Release|Any CPU.ActiveCfg = Release|Any CPU
		{2E4DD5B0-6852-4051-9A2D-29176D87748A}.Release|Any CPU.Build.0 = Release|Any CPU
		{82CA0D5F-D0E6-4C76-8808-F063159E3800}.Debug|Any CPU.ActiveCfg = Debug|Any CPU
		{82CA0D5F-D0E6-4C76-8808-F063159E3800}.Debug|Any CPU.Build.0 = Debug|Any CPU
		{82CA0D5F-D0E6-4C76-8808-F063159E3800}.Release|Any CPU.ActiveCfg = Release|Any CPU
		{82CA0D5F-D0E6-4C76-8808-F063159E3800}.Release|Any CPU.Build.0 = Release|Any CPU
		{076CA140-4F4A-48AB-8FC4-EB0829DEE5A3}.Debug|Any CPU.ActiveCfg = Debug|Any CPU
		{076CA140-4F4A-48AB-8FC4-EB0829DEE5A3}.Debug|Any CPU.Build.0 = Debug|Any CPU
		{076CA140-4F4A-48AB-8FC4-EB0829DEE5A3}.Release|Any CPU.ActiveCfg = Release|Any CPU
		{076CA140-4F4A-48AB-8FC4-EB0829DEE5A3}.Release|Any CPU.Build.0 = Release|Any CPU
		{4FD8DE3E-ECB7-4C33-8EA5-51F5F6C7C63F}.Debug|Any CPU.ActiveCfg = Debug|Any CPU
		{4FD8DE3E-ECB7-4C33-8EA5-51F5F6C7C63F}.Debug|Any CPU.Build.0 = Debug|Any CPU
		{4FD8DE3E-ECB7-4C33-8EA5-51F5F6C7C63F}.Release|Any CPU.ActiveCfg = Release|Any CPU
		{4FD8DE3E-ECB7-4C33-8EA5-51F5F6C7C63F}.Release|Any CPU.Build.0 = Release|Any CPU
		{4A0082CD-589B-406C-8580-2C514B786027}.Debug|Any CPU.ActiveCfg = Debug|Any CPU
		{4A0082CD-589B-406C-8580-2C514B786027}.Debug|Any CPU.Build.0 = Debug|Any CPU
		{4A0082CD-589B-406C-8580-2C514B786027}.Release|Any CPU.ActiveCfg = Release|Any CPU
		{4A0082CD-589B-406C-8580-2C514B786027}.Release|Any CPU.Build.0 = Release|Any CPU
		{E39AD710-3FC9-4FCC-94B1-D38CB5D58E12}.Debug|Any CPU.ActiveCfg = Debug|Any CPU
		{E39AD710-3FC9-4FCC-94B1-D38CB5D58E12}.Debug|Any CPU.Build.0 = Debug|Any CPU
		{E39AD710-3FC9-4FCC-94B1-D38CB5D58E12}.Release|Any CPU.ActiveCfg = Release|Any CPU
		{E39AD710-3FC9-4FCC-94B1-D38CB5D58E12}.Release|Any CPU.Build.0 = Release|Any CPU
		{6C8258FD-7D25-468F-A520-C25F805273F4}.Debug|Any CPU.ActiveCfg = Debug|Any CPU
		{6C8258FD-7D25-468F-A520-C25F805273F4}.Debug|Any CPU.Build.0 = Debug|Any CPU
		{6C8258FD-7D25-468F-A520-C25F805273F4}.Release|Any CPU.ActiveCfg = Release|Any CPU
		{6C8258FD-7D25-468F-A520-C25F805273F4}.Release|Any CPU.Build.0 = Release|Any CPU
		{1D4540EB-D496-40CB-A8A5-824D9AEBC26B}.Debug|Any CPU.ActiveCfg = Debug|Any CPU
		{1D4540EB-D496-40CB-A8A5-824D9AEBC26B}.Debug|Any CPU.Build.0 = Debug|Any CPU
		{1D4540EB-D496-40CB-A8A5-824D9AEBC26B}.Release|Any CPU.ActiveCfg = Release|Any CPU
		{1D4540EB-D496-40CB-A8A5-824D9AEBC26B}.Release|Any CPU.Build.0 = Release|Any CPU
		{D35F5585-BBE0-4DA3-A01F-09EDEF5BF0E6}.Debug|Any CPU.ActiveCfg = Debug|Any CPU
		{D35F5585-BBE0-4DA3-A01F-09EDEF5BF0E6}.Debug|Any CPU.Build.0 = Debug|Any CPU
		{D35F5585-BBE0-4DA3-A01F-09EDEF5BF0E6}.Release|Any CPU.ActiveCfg = Release|Any CPU
		{D35F5585-BBE0-4DA3-A01F-09EDEF5BF0E6}.Release|Any CPU.Build.0 = Release|Any CPU
		{8721DB1C-EFBF-4837-B9BE-0B55CC2B893E}.Debug|Any CPU.ActiveCfg = Debug|Any CPU
		{8721DB1C-EFBF-4837-B9BE-0B55CC2B893E}.Debug|Any CPU.Build.0 = Debug|Any CPU
		{8721DB1C-EFBF-4837-B9BE-0B55CC2B893E}.Release|Any CPU.ActiveCfg = Release|Any CPU
		{8721DB1C-EFBF-4837-B9BE-0B55CC2B893E}.Release|Any CPU.Build.0 = Release|Any CPU
		{58A46039-F16E-4196-A476-977E3DBE94C6}.Debug|Any CPU.ActiveCfg = Debug|Any CPU
		{58A46039-F16E-4196-A476-977E3DBE94C6}.Debug|Any CPU.Build.0 = Debug|Any CPU
		{58A46039-F16E-4196-A476-977E3DBE94C6}.Release|Any CPU.ActiveCfg = Release|Any CPU
		{58A46039-F16E-4196-A476-977E3DBE94C6}.Release|Any CPU.Build.0 = Release|Any CPU
		{9AAA8B9F-0964-424B-8DF1-72AA022FA30F}.Debug|Any CPU.ActiveCfg = Debug|Any CPU
		{9AAA8B9F-0964-424B-8DF1-72AA022FA30F}.Debug|Any CPU.Build.0 = Debug|Any CPU
		{9AAA8B9F-0964-424B-8DF1-72AA022FA30F}.Release|Any CPU.ActiveCfg = Release|Any CPU
		{9AAA8B9F-0964-424B-8DF1-72AA022FA30F}.Release|Any CPU.Build.0 = Release|Any CPU
		{0FE44319-5831-4976-A957-2C7A3F4B3457}.Debug|Any CPU.ActiveCfg = Debug|Any CPU
		{0FE44319-5831-4976-A957-2C7A3F4B3457}.Debug|Any CPU.Build.0 = Debug|Any CPU
		{0FE44319-5831-4976-A957-2C7A3F4B3457}.Release|Any CPU.ActiveCfg = Release|Any CPU
		{0FE44319-5831-4976-A957-2C7A3F4B3457}.Release|Any CPU.Build.0 = Release|Any CPU
		{DEF063E1-434F-4149-BF82-91B7493C5C89}.Debug|Any CPU.ActiveCfg = Debug|Any CPU
		{DEF063E1-434F-4149-BF82-91B7493C5C89}.Debug|Any CPU.Build.0 = Debug|Any CPU
		{DEF063E1-434F-4149-BF82-91B7493C5C89}.Release|Any CPU.ActiveCfg = Release|Any CPU
		{DEF063E1-434F-4149-BF82-91B7493C5C89}.Release|Any CPU.Build.0 = Release|Any CPU
	EndGlobalSection
	GlobalSection(SolutionProperties) = preSolution
		HideSolutionNode = FALSE
	EndGlobalSection
EndGlobal
